
Microsoft Visual Studio Solution File, Format Version 12.00
# Visual Studio Version 16
VisualStudioVersion = 16.0.32413.511
MinimumVisualStudioVersion = 10.0.40219.1
Project("{FAE04EC0-301F-11D3-BF4B-00C04F79EFBC}") = "newProiectPIU", "newProiectPIU.csproj", "{78190F7E-CD73-481F-94D7-8020A7BE57E4}"
EndProject
Global
	GlobalSection(SolutionConfigurationPlatforms) = preSolution
		Debug|Any CPU = Debug|Any CPU
		Release|Any CPU = Release|Any CPU
	EndGlobalSection
	GlobalSection(ProjectConfigurationPlatforms) = postSolution
		{78190F7E-CD73-481F-94D7-8020A7BE57E4}.Debug|Any CPU.ActiveCfg = Debug|Any CPU
		{78190F7E-CD73-481F-94D7-8020A7BE57E4}.Debug|Any CPU.Build.0 = Debug|Any CPU
		{78190F7E-CD73-481F-94D7-8020A7BE57E4}.Release|Any CPU.ActiveCfg = Release|Any CPU
		{78190F7E-CD73-481F-94D7-8020A7BE57E4}.Release|Any CPU.Build.0 = Release|Any CPU
	EndGlobalSection
	GlobalSection(SolutionProperties) = preSolution
		HideSolutionNode = FALSE
	EndGlobalSection
	GlobalSection(ExtensibilityGlobals) = postSolution
		SolutionGuid = {869457C7-F586-47C9-9B1B-53A2931D5B86}
	EndGlobalSection
EndGlobal
